// !$*UTF8*$!
{
	archiveVersion = 1;
	classes = {
	};
	objectVersion = 45;
	objects = {

/* Begin PBXBuildFile section */
		0950D2BC119C2A71000BC2FC /* Reachability.m in Sources */ = {isa = PBXBuildFile; fileRef = 0950D2BB119C2A71000BC2FC /* Reachability.m */; };
		0950D2D2119C2A85000BC2FC /* SystemConfiguration.framework in Frameworks */ = {isa = PBXBuildFile; fileRef = 0950D2D1119C2A85000BC2FC /* SystemConfiguration.framework */; };
		0952A759118079FB008970A6 /* DataCache.m in Sources */ = {isa = PBXBuildFile; fileRef = 0952A758118079FB008970A6 /* DataCache.m */; };
		0952A76C11807A8A008970A6 /* FlowCoverView.m in Sources */ = {isa = PBXBuildFile; fileRef = 0952A76B11807A8A008970A6 /* FlowCoverView.m */; };
		0952A78F11808261008970A6 /* QuartzCore.framework in Frameworks */ = {isa = PBXBuildFile; fileRef = 0952A78E11808261008970A6 /* QuartzCore.framework */; };
		0952A7AB118082B5008970A6 /* OpenGLES.framework in Frameworks */ = {isa = PBXBuildFile; fileRef = 0952A7AA118082B5008970A6 /* OpenGLES.framework */; };
		09946FA1117F372800A0403D /* MatchImageCoverFlowViewController.m in Sources */ = {isa = PBXBuildFile; fileRef = 09946FA0117F372800A0403D /* MatchImageCoverFlowViewController.m */; };
		09946FA4117F374400A0403D /* MatchImageCoverFlowView.xib in Resources */ = {isa = PBXBuildFile; fileRef = 09946FA3117F374400A0403D /* MatchImageCoverFlowView.xib */; };
		09946FC6117F3BB700A0403D /* Default.png in Resources */ = {isa = PBXBuildFile; fileRef = 09946FC5117F3BB700A0403D /* Default.png */; };
		099668BC1178989C00AEF5AC /* ResourceLoader.m in Sources */ = {isa = PBXBuildFile; fileRef = 099668BB1178989C00AEF5AC /* ResourceLoader.m */; };
		099669A31178AC5500AEF5AC /* MatchListViewController.m in Sources */ = {isa = PBXBuildFile; fileRef = 099669A21178AC5500AEF5AC /* MatchListViewController.m */; };
		1A5A563911834FA100499565 /* GDataXMLNode.m in Sources */ = {isa = PBXBuildFile; fileRef = 1A5A563811834FA100499565 /* GDataXMLNode.m */; };
		1A5A56F511835E0700499565 /* GDataXMLNode-Extension.m in Sources */ = {isa = PBXBuildFile; fileRef = 1A5A56F411835E0700499565 /* GDataXMLNode-Extension.m */; };
		1A5A583111836F6100499565 /* atp.png in Resources */ = {isa = PBXBuildFile; fileRef = 1A5A582A11836F6100499565 /* atp.png */; };
		1A5A583211836F6100499565 /* ATP_FINALS.png in Resources */ = {isa = PBXBuildFile; fileRef = 1A5A582B11836F6100499565 /* ATP_FINALS.png */; };
		1A5A583411836F6100499565 /* ATP500.png in Resources */ = {isa = PBXBuildFile; fileRef = 1A5A582D11836F6100499565 /* ATP500.png */; };
		1A5A583511836F6100499565 /* ATP1000.png in Resources */ = {isa = PBXBuildFile; fileRef = 1A5A582E11836F6100499565 /* ATP1000.png */; };
		1A5A583611836F6100499565 /* DavisCup.png in Resources */ = {isa = PBXBuildFile; fileRef = 1A5A582F11836F6100499565 /* DavisCup.png */; };
		1A5A583711836F6100499565 /* GrandSlam.png in Resources */ = {isa = PBXBuildFile; fileRef = 1A5A583011836F6100499565 /* GrandSlam.png */; };
		1A5A584C118371BC00499565 /* ATP250.png in Resources */ = {isa = PBXBuildFile; fileRef = 1A5A584B118371BC00499565 /* ATP250.png */; };
		1A6DAD4E1184B5AF0035A968 /* Entitlements.plist in Resources */ = {isa = PBXBuildFile; fileRef = 1A6DAD4D1184B5AF0035A968 /* Entitlements.plist */; };
		1A83766911860E0100B3864D /* MatchImageFlowCoverViewDelegate.m in Sources */ = {isa = PBXBuildFile; fileRef = 1A83766811860E0100B3864D /* MatchImageFlowCoverViewDelegate.m */; };
		1A9BD95E1178CE3100245AE6 /* MatchDetailViewController.m in Sources */ = {isa = PBXBuildFile; fileRef = 1A9BD95D1178CE3100245AE6 /* MatchDetailViewController.m */; };
		1A9BD9651178CF3400245AE6 /* MatchDetailView.xib in Resources */ = {isa = PBXBuildFile; fileRef = 1A9BD9641178CF3400245AE6 /* MatchDetailView.xib */; };
		1ACE6CDB118418F900F90704 /* MatchWebViewController.m in Sources */ = {isa = PBXBuildFile; fileRef = 1ACE6CDA118418F900F90704 /* MatchWebViewController.m */; };
		1ACE6DDC11842A0D00F90704 /* MatchWebView.xib in Resources */ = {isa = PBXBuildFile; fileRef = 1ACE6DDB11842A0D00F90704 /* MatchWebView.xib */; };
		1AE35FFA11778560001243DD /* Context.m in Sources */ = {isa = PBXBuildFile; fileRef = 1AE35FF911778560001243DD /* Context.m */; };
		1AE36060117788F9001243DD /* NSObject-Dialog.m in Sources */ = {isa = PBXBuildFile; fileRef = 1AE3605F117788F9001243DD /* NSObject-Dialog.m */; };
		1AE360A411778E02001243DD /* UITableView-WithCell.m in Sources */ = {isa = PBXBuildFile; fileRef = 1AE360A311778E02001243DD /* UITableView-WithCell.m */; };
		1AE360D7117791E8001243DD /* Month2Matches.m in Sources */ = {isa = PBXBuildFile; fileRef = 1AE360D6117791E8001243DD /* Month2Matches.m */; };
		1AE360DB11779263001243DD /* Match.m in Sources */ = {isa = PBXBuildFile; fileRef = 1AE360DA11779263001243DD /* Match.m */; };
		1D3623260D0F684500981E51 /* ATP_CalendarAppDelegate.m in Sources */ = {isa = PBXBuildFile; fileRef = 1D3623250D0F684500981E51 /* ATP_CalendarAppDelegate.m */; };
		1D60589B0D05DD56006BFB54 /* main.m in Sources */ = {isa = PBXBuildFile; fileRef = 29B97316FDCFA39411CA2CEA /* main.m */; };
		1D60589F0D05DD5A006BFB54 /* Foundation.framework in Frameworks */ = {isa = PBXBuildFile; fileRef = 1D30AB110D05D00D00671497 /* Foundation.framework */; };
		1DF5F4E00D08C38300B7A737 /* UIKit.framework in Frameworks */ = {isa = PBXBuildFile; fileRef = 1DF5F4DF0D08C38300B7A737 /* UIKit.framework */; };
		2892E4100DC94CBA00A64D0F /* CoreGraphics.framework in Frameworks */ = {isa = PBXBuildFile; fileRef = 2892E40F0DC94CBA00A64D0F /* CoreGraphics.framework */; };
		28AD73600D9D9599002E5188 /* MainWindow.xib in Resources */ = {isa = PBXBuildFile; fileRef = 28AD735F0D9D9599002E5188 /* MainWindow.xib */; };
		28C286E10D94DF7D0034E888 /* RootViewController.m in Sources */ = {isa = PBXBuildFile; fileRef = 28C286E00D94DF7D0034E888 /* RootViewController.m */; };
		28F335F11007B36200424DE2 /* RootViewController.xib in Resources */ = {isa = PBXBuildFile; fileRef = 28F335F01007B36200424DE2 /* RootViewController.xib */; };
/* End PBXBuildFile section */

/* Begin PBXFileReference section */
		0950D2BA119C2A71000BC2FC /* Reachability.h */ = {isa = PBXFileReference; fileEncoding = 4; lastKnownFileType = sourcecode.c.h; path = Reachability.h; sourceTree = "<group>"; };
		0950D2BB119C2A71000BC2FC /* Reachability.m */ = {isa = PBXFileReference; fileEncoding = 4; lastKnownFileType = sourcecode.c.objc; path = Reachability.m; sourceTree = "<group>"; };
		0950D2D1119C2A85000BC2FC /* SystemConfiguration.framework */ = {isa = PBXFileReference; lastKnownFileType = wrapper.framework; name = SystemConfiguration.framework; path = System/Library/Frameworks/SystemConfiguration.framework; sourceTree = SDKROOT; };
		0952A757118079FB008970A6 /* DataCache.h */ = {isa = PBXFileReference; fileEncoding = 4; lastKnownFileType = sourcecode.c.h; path = DataCache.h; sourceTree = "<group>"; };
		0952A758118079FB008970A6 /* DataCache.m */ = {isa = PBXFileReference; fileEncoding = 4; lastKnownFileType = sourcecode.c.objc; path = DataCache.m; sourceTree = "<group>"; };
		0952A76A11807A8A008970A6 /* FlowCoverView.h */ = {isa = PBXFileReference; fileEncoding = 4; lastKnownFileType = sourcecode.c.h; path = FlowCoverView.h; sourceTree = "<group>"; };
		0952A76B11807A8A008970A6 /* FlowCoverView.m */ = {isa = PBXFileReference; fileEncoding = 4; lastKnownFileType = sourcecode.c.objc; path = FlowCoverView.m; sourceTree = "<group>"; };
		0952A78E11808261008970A6 /* QuartzCore.framework */ = {isa = PBXFileReference; lastKnownFileType = wrapper.framework; name = QuartzCore.framework; path = System/Library/Frameworks/QuartzCore.framework; sourceTree = SDKROOT; };
		0952A7AA118082B5008970A6 /* OpenGLES.framework */ = {isa = PBXFileReference; lastKnownFileType = wrapper.framework; name = OpenGLES.framework; path = System/Library/Frameworks/OpenGLES.framework; sourceTree = SDKROOT; };
		09946F9F117F372800A0403D /* MatchImageCoverFlowViewController.h */ = {isa = PBXFileReference; fileEncoding = 4; lastKnownFileType = sourcecode.c.h; path = MatchImageCoverFlowViewController.h; sourceTree = "<group>"; };
		09946FA0117F372800A0403D /* MatchImageCoverFlowViewController.m */ = {isa = PBXFileReference; fileEncoding = 4; lastKnownFileType = sourcecode.c.objc; path = MatchImageCoverFlowViewController.m; sourceTree = "<group>"; };
		09946FA3117F374400A0403D /* MatchImageCoverFlowView.xib */ = {isa = PBXFileReference; lastKnownFileType = file.xib; path = MatchImageCoverFlowView.xib; sourceTree = "<group>"; };
		09946FC5117F3BB700A0403D /* Default.png */ = {isa = PBXFileReference; lastKnownFileType = image.png; path = Default.png; sourceTree = "<group>"; };
		099668BA1178989C00AEF5AC /* ResourceLoader.h */ = {isa = PBXFileReference; fileEncoding = 4; lastKnownFileType = sourcecode.c.h; path = ResourceLoader.h; sourceTree = "<group>"; };
		099668BB1178989C00AEF5AC /* ResourceLoader.m */ = {isa = PBXFileReference; fileEncoding = 4; lastKnownFileType = sourcecode.c.objc; path = ResourceLoader.m; sourceTree = "<group>"; };
		099669A11178AC5500AEF5AC /* MatchListViewController.h */ = {isa = PBXFileReference; fileEncoding = 4; lastKnownFileType = sourcecode.c.h; path = MatchListViewController.h; sourceTree = "<group>"; };
		099669A21178AC5500AEF5AC /* MatchListViewController.m */ = {isa = PBXFileReference; fileEncoding = 4; lastKnownFileType = sourcecode.c.objc; path = MatchListViewController.m; sourceTree = "<group>"; };
		1A5A563711834FA100499565 /* GDataXMLNode.h */ = {isa = PBXFileReference; fileEncoding = 4; lastKnownFileType = sourcecode.c.h; path = GDataXMLNode.h; sourceTree = "<group>"; };
		1A5A563811834FA100499565 /* GDataXMLNode.m */ = {isa = PBXFileReference; fileEncoding = 4; lastKnownFileType = sourcecode.c.objc; path = GDataXMLNode.m; sourceTree = "<group>"; };
		1A5A56F311835E0700499565 /* GDataXMLNode-Extension.h */ = {isa = PBXFileReference; fileEncoding = 4; lastKnownFileType = sourcecode.c.h; path = "GDataXMLNode-Extension.h"; sourceTree = "<group>"; };
		1A5A56F411835E0700499565 /* GDataXMLNode-Extension.m */ = {isa = PBXFileReference; fileEncoding = 4; lastKnownFileType = sourcecode.c.objc; path = "GDataXMLNode-Extension.m"; sourceTree = "<group>"; };
		1A5A582A11836F6100499565 /* atp.png */ = {isa = PBXFileReference; lastKnownFileType = image.png; path = atp.png; sourceTree = "<group>"; };
		1A5A582B11836F6100499565 /* ATP_FINALS.png */ = {isa = PBXFileReference; lastKnownFileType = image.png; path = ATP_FINALS.png; sourceTree = "<group>"; };
		1A5A582D11836F6100499565 /* ATP500.png */ = {isa = PBXFileReference; lastKnownFileType = image.png; path = ATP500.png; sourceTree = "<group>"; };
		1A5A582E11836F6100499565 /* ATP1000.png */ = {isa = PBXFileReference; lastKnownFileType = image.png; path = ATP1000.png; sourceTree = "<group>"; };
		1A5A582F11836F6100499565 /* DavisCup.png */ = {isa = PBXFileReference; lastKnownFileType = image.png; path = DavisCup.png; sourceTree = "<group>"; };
		1A5A583011836F6100499565 /* GrandSlam.png */ = {isa = PBXFileReference; lastKnownFileType = image.png; path = GrandSlam.png; sourceTree = "<group>"; };
		1A5A584B118371BC00499565 /* ATP250.png */ = {isa = PBXFileReference; lastKnownFileType = image.png; path = ATP250.png; sourceTree = "<group>"; };
		1A6DAD4D1184B5AF0035A968 /* Entitlements.plist */ = {isa = PBXFileReference; fileEncoding = 4; lastKnownFileType = text.plist.xml; path = Entitlements.plist; sourceTree = "<group>"; };
		1A83766711860E0100B3864D /* MatchImageFlowCoverViewDelegate.h */ = {isa = PBXFileReference; fileEncoding = 4; lastKnownFileType = sourcecode.c.h; path = MatchImageFlowCoverViewDelegate.h; sourceTree = "<group>"; };
		1A83766811860E0100B3864D /* MatchImageFlowCoverViewDelegate.m */ = {isa = PBXFileReference; fileEncoding = 4; lastKnownFileType = sourcecode.c.objc; path = MatchImageFlowCoverViewDelegate.m; sourceTree = "<group>"; };
		1A9BD95C1178CE3100245AE6 /* MatchDetailViewController.h */ = {isa = PBXFileReference; fileEncoding = 4; lastKnownFileType = sourcecode.c.h; path = MatchDetailViewController.h; sourceTree = "<group>"; };
		1A9BD95D1178CE3100245AE6 /* MatchDetailViewController.m */ = {isa = PBXFileReference; fileEncoding = 4; lastKnownFileType = sourcecode.c.objc; path = MatchDetailViewController.m; sourceTree = "<group>"; };
		1A9BD9641178CF3400245AE6 /* MatchDetailView.xib */ = {isa = PBXFileReference; lastKnownFileType = file.xib; path = MatchDetailView.xib; sourceTree = "<group>"; };
		1ACE6CD9118418F900F90704 /* MatchWebViewController.h */ = {isa = PBXFileReference; fileEncoding = 4; lastKnownFileType = sourcecode.c.h; path = MatchWebViewController.h; sourceTree = "<group>"; };
		1ACE6CDA118418F900F90704 /* MatchWebViewController.m */ = {isa = PBXFileReference; fileEncoding = 4; lastKnownFileType = sourcecode.c.objc; path = MatchWebViewController.m; sourceTree = "<group>"; };
		1ACE6DDB11842A0D00F90704 /* MatchWebView.xib */ = {isa = PBXFileReference; lastKnownFileType = file.xib; path = MatchWebView.xib; sourceTree = "<group>"; };
		1AE35FF811778560001243DD /* Context.h */ = {isa = PBXFileReference; fileEncoding = 4; lastKnownFileType = sourcecode.c.h; path = Context.h; sourceTree = "<group>"; };
		1AE35FF911778560001243DD /* Context.m */ = {isa = PBXFileReference; fileEncoding = 4; lastKnownFileType = sourcecode.c.objc; path = Context.m; sourceTree = "<group>"; };
		1AE3605E117788F9001243DD /* NSObject-Dialog.h */ = {isa = PBXFileReference; fileEncoding = 4; lastKnownFileType = sourcecode.c.h; path = "NSObject-Dialog.h"; sourceTree = "<group>"; };
		1AE3605F117788F9001243DD /* NSObject-Dialog.m */ = {isa = PBXFileReference; fileEncoding = 4; lastKnownFileType = sourcecode.c.objc; path = "NSObject-Dialog.m"; sourceTree = "<group>"; };
		1AE360A211778E02001243DD /* UITableView-WithCell.h */ = {isa = PBXFileReference; fileEncoding = 4; lastKnownFileType = sourcecode.c.h; path = "UITableView-WithCell.h"; sourceTree = "<group>"; };
		1AE360A311778E02001243DD /* UITableView-WithCell.m */ = {isa = PBXFileReference; fileEncoding = 4; lastKnownFileType = sourcecode.c.objc; path = "UITableView-WithCell.m"; sourceTree = "<group>"; };
		1AE360D5117791E8001243DD /* Month2Matches.h */ = {isa = PBXFileReference; fileEncoding = 4; lastKnownFileType = sourcecode.c.h; path = Month2Matches.h; sourceTree = "<group>"; };
		1AE360D6117791E8001243DD /* Month2Matches.m */ = {isa = PBXFileReference; fileEncoding = 4; lastKnownFileType = sourcecode.c.objc; path = Month2Matches.m; sourceTree = "<group>"; };
		1AE360D911779263001243DD /* Match.h */ = {isa = PBXFileReference; fileEncoding = 4; lastKnownFileType = sourcecode.c.h; path = Match.h; sourceTree = "<group>"; };
		1AE360DA11779263001243DD /* Match.m */ = {isa = PBXFileReference; fileEncoding = 4; lastKnownFileType = sourcecode.c.objc; path = Match.m; sourceTree = "<group>"; };
		1D30AB110D05D00D00671497 /* Foundation.framework */ = {isa = PBXFileReference; lastKnownFileType = wrapper.framework; name = Foundation.framework; path = System/Library/Frameworks/Foundation.framework; sourceTree = SDKROOT; };
		1D3623240D0F684500981E51 /* ATP_CalendarAppDelegate.h */ = {isa = PBXFileReference; fileEncoding = 4; lastKnownFileType = sourcecode.c.h; path = ATP_CalendarAppDelegate.h; sourceTree = "<group>"; };
		1D3623250D0F684500981E51 /* ATP_CalendarAppDelegate.m */ = {isa = PBXFileReference; fileEncoding = 4; lastKnownFileType = sourcecode.c.objc; path = ATP_CalendarAppDelegate.m; sourceTree = "<group>"; };
		1D6058910D05DD3D006BFB54 /* ATP Calendar.app */ = {isa = PBXFileReference; explicitFileType = wrapper.application; includeInIndex = 0; path = "ATP Calendar.app"; sourceTree = BUILT_PRODUCTS_DIR; };
		1DF5F4DF0D08C38300B7A737 /* UIKit.framework */ = {isa = PBXFileReference; lastKnownFileType = wrapper.framework; name = UIKit.framework; path = System/Library/Frameworks/UIKit.framework; sourceTree = SDKROOT; };
		2892E40F0DC94CBA00A64D0F /* CoreGraphics.framework */ = {isa = PBXFileReference; lastKnownFileType = wrapper.framework; name = CoreGraphics.framework; path = System/Library/Frameworks/CoreGraphics.framework; sourceTree = SDKROOT; };
		28A0AAE50D9B0CCF005BE974 /* ATP_Calendar_Prefix.pch */ = {isa = PBXFileReference; fileEncoding = 4; lastKnownFileType = sourcecode.c.h; path = ATP_Calendar_Prefix.pch; sourceTree = "<group>"; };
		28AD735F0D9D9599002E5188 /* MainWindow.xib */ = {isa = PBXFileReference; lastKnownFileType = file.xib; path = MainWindow.xib; sourceTree = "<group>"; };
		28C286DF0D94DF7D0034E888 /* RootViewController.h */ = {isa = PBXFileReference; fileEncoding = 4; lastKnownFileType = sourcecode.c.h; path = RootViewController.h; sourceTree = "<group>"; };
		28C286E00D94DF7D0034E888 /* RootViewController.m */ = {isa = PBXFileReference; fileEncoding = 4; lastKnownFileType = sourcecode.c.objc; path = RootViewController.m; sourceTree = "<group>"; };
		28F335F01007B36200424DE2 /* RootViewController.xib */ = {isa = PBXFileReference; lastKnownFileType = file.xib; path = RootViewController.xib; sourceTree = "<group>"; };
		29B97316FDCFA39411CA2CEA /* main.m */ = {isa = PBXFileReference; fileEncoding = 4; lastKnownFileType = sourcecode.c.objc; path = main.m; sourceTree = "<group>"; };
		8D1107310486CEB800E47090 /* ATP_Calendar-Info.plist */ = {isa = PBXFileReference; fileEncoding = 4; lastKnownFileType = text.plist.xml; path = "ATP_Calendar-Info.plist"; plistStructureDefinitionIdentifier = "com.apple.xcode.plist.structure-definition.iphone.info-plist"; sourceTree = "<group>"; };
/* End PBXFileReference section */

/* Begin PBXFrameworksBuildPhase section */
		1D60588F0D05DD3D006BFB54 /* Frameworks */ = {
			isa = PBXFrameworksBuildPhase;
			buildActionMask = 2147483647;
			files = (
				1D60589F0D05DD5A006BFB54 /* Foundation.framework in Frameworks */,
				1DF5F4E00D08C38300B7A737 /* UIKit.framework in Frameworks */,
				2892E4100DC94CBA00A64D0F /* CoreGraphics.framework in Frameworks */,
				0952A78F11808261008970A6 /* QuartzCore.framework in Frameworks */,
				0952A7AB118082B5008970A6 /* OpenGLES.framework in Frameworks */,
				0950D2D2119C2A85000BC2FC /* SystemConfiguration.framework in Frameworks */,
			);
			runOnlyForDeploymentPostprocessing = 0;
		};
/* End PBXFrameworksBuildPhase section */

/* Begin PBXGroup section */
		080E96DDFE201D6D7F000001 /* Classes */ = {
			isa = PBXGroup;
			children = (
				0950D2B9119C2A4B000BC2FC /* network */,
				1A5A563611834F7900499565 /* xml */,
				0952A72F1180789B008970A6 /* coverflow */,
				1AE360D31177916F001243DD /* models */,
				1AE3616E11779E51001243DD /* controllers */,
				1AE3617811779F29001243DD /* delegate */,
				1AE3602D11778800001243DD /* helper */,
			);
			path = Classes;
			sourceTree = "<group>";
		};
		0950D2B9119C2A4B000BC2FC /* network */ = {
			isa = PBXGroup;
			children = (
				0950D2BA119C2A71000BC2FC /* Reachability.h */,
				0950D2BB119C2A71000BC2FC /* Reachability.m */,
			);
			path = network;
			sourceTree = "<group>";
		};
		0952A72F1180789B008970A6 /* coverflow */ = {
			isa = PBXGroup;
			children = (
				0952A757118079FB008970A6 /* DataCache.h */,
				0952A758118079FB008970A6 /* DataCache.m */,
				0952A76A11807A8A008970A6 /* FlowCoverView.h */,
				0952A76B11807A8A008970A6 /* FlowCoverView.m */,
			);
			path = coverflow;
			sourceTree = "<group>";
		};
		09F5F01C1188758100FE36D5 /* Roger */ = {
			isa = PBXGroup;
			children = (
			);
			path = Roger;
			sourceTree = "<group>";
		};
		19C28FACFE9D520D11CA2CBB /* Products */ = {
			isa = PBXGroup;
			children = (
				1D6058910D05DD3D006BFB54 /* ATP Calendar.app */,
			);
			name = Products;
			sourceTree = "<group>";
		};
		1A5A563611834F7900499565 /* xml */ = {
			isa = PBXGroup;
			children = (
				1A5A563711834FA100499565 /* GDataXMLNode.h */,
				1A5A563811834FA100499565 /* GDataXMLNode.m */,
				1A5A56F311835E0700499565 /* GDataXMLNode-Extension.h */,
				1A5A56F411835E0700499565 /* GDataXMLNode-Extension.m */,
			);
			path = xml;
			sourceTree = "<group>";
		};
		1A5A582911836F3900499565 /* Categories */ = {
			isa = PBXGroup;
			children = (
				1A5A584B118371BC00499565 /* ATP250.png */,
				1A5A582A11836F6100499565 /* atp.png */,
				1A5A582B11836F6100499565 /* ATP_FINALS.png */,
				1A5A582D11836F6100499565 /* ATP500.png */,
				1A5A582E11836F6100499565 /* ATP1000.png */,
				1A5A582F11836F6100499565 /* DavisCup.png */,
				1A5A583011836F6100499565 /* GrandSlam.png */,
			);
			path = Categories;
			sourceTree = "<group>";
		};
		1AE35FD2117780D8001243DD /* Images */ = {
			isa = PBXGroup;
			children = (
				09F5F01C1188758100FE36D5 /* Roger */,
				1A5A582911836F3900499565 /* Categories */,
				09946FC5117F3BB700A0403D /* Default.png */,
			);
			path = Images;
			sourceTree = "<group>";
		};
		1AE3602D11778800001243DD /* helper */ = {
			isa = PBXGroup;
			children = (
				1AE35FF811778560001243DD /* Context.h */,
				1AE35FF911778560001243DD /* Context.m */,
				1AE3605E117788F9001243DD /* NSObject-Dialog.h */,
				1AE3605F117788F9001243DD /* NSObject-Dialog.m */,
				1AE360A211778E02001243DD /* UITableView-WithCell.h */,
				1AE360A311778E02001243DD /* UITableView-WithCell.m */,
				099668BA1178989C00AEF5AC /* ResourceLoader.h */,
				099668BB1178989C00AEF5AC /* ResourceLoader.m */,
			);
			path = helper;
			sourceTree = "<group>";
		};
		1AE360D31177916F001243DD /* models */ = {
			isa = PBXGroup;
			children = (
				1AE360D5117791E8001243DD /* Month2Matches.h */,
				1AE360D6117791E8001243DD /* Month2Matches.m */,
				1AE360D911779263001243DD /* Match.h */,
				1AE360DA11779263001243DD /* Match.m */,
			);
			path = models;
			sourceTree = "<group>";
		};
		1AE3616E11779E51001243DD /* controllers */ = {
			isa = PBXGroup;
			children = (
				28C286DF0D94DF7D0034E888 /* RootViewController.h */,
				28C286E00D94DF7D0034E888 /* RootViewController.m */,
				099669A11178AC5500AEF5AC /* MatchListViewController.h */,
				099669A21178AC5500AEF5AC /* MatchListViewController.m */,
				1A9BD95C1178CE3100245AE6 /* MatchDetailViewController.h */,
				1A9BD95D1178CE3100245AE6 /* MatchDetailViewController.m */,
				09946F9F117F372800A0403D /* MatchImageCoverFlowViewController.h */,
				09946FA0117F372800A0403D /* MatchImageCoverFlowViewController.m */,
				1ACE6CD9118418F900F90704 /* MatchWebViewController.h */,
				1ACE6CDA118418F900F90704 /* MatchWebViewController.m */,
			);
			path = controllers;
			sourceTree = "<group>";
		};
		1AE3617811779F29001243DD /* delegate */ = {
			isa = PBXGroup;
			children = (
				1D3623240D0F684500981E51 /* ATP_CalendarAppDelegate.h */,
				1D3623250D0F684500981E51 /* ATP_CalendarAppDelegate.m */,
				1A83766711860E0100B3864D /* MatchImageFlowCoverViewDelegate.h */,
				1A83766811860E0100B3864D /* MatchImageFlowCoverViewDelegate.m */,
			);
			path = delegate;
			sourceTree = "<group>";
		};
		29B97314FDCFA39411CA2CEA /* CustomTemplate */ = {
			isa = PBXGroup;
			children = (
				080E96DDFE201D6D7F000001 /* Classes */,
				29B97315FDCFA39411CA2CEA /* Other Sources */,
				29B97317FDCFA39411CA2CEA /* Resources */,
				29B97323FDCFA39411CA2CEA /* Frameworks */,
				19C28FACFE9D520D11CA2CBB /* Products */,
				1A6DAD4D1184B5AF0035A968 /* Entitlements.plist */,
			);
			name = CustomTemplate;
			sourceTree = "<group>";
		};
		29B97315FDCFA39411CA2CEA /* Other Sources */ = {
			isa = PBXGroup;
			children = (
				28A0AAE50D9B0CCF005BE974 /* ATP_Calendar_Prefix.pch */,
				29B97316FDCFA39411CA2CEA /* main.m */,
			);
			name = "Other Sources";
			sourceTree = "<group>";
		};
		29B97317FDCFA39411CA2CEA /* Resources */ = {
			isa = PBXGroup;
			children = (
				1AE35FD2117780D8001243DD /* Images */,
				28F335F01007B36200424DE2 /* RootViewController.xib */,
				28AD735F0D9D9599002E5188 /* MainWindow.xib */,
				8D1107310486CEB800E47090 /* ATP_Calendar-Info.plist */,
				1A9BD9641178CF3400245AE6 /* MatchDetailView.xib */,
				09946FA3117F374400A0403D /* MatchImageCoverFlowView.xib */,
				1ACE6DDB11842A0D00F90704 /* MatchWebView.xib */,
			);
			name = Resources;
			sourceTree = "<group>";
		};
		29B97323FDCFA39411CA2CEA /* Frameworks */ = {
			isa = PBXGroup;
			children = (
				1DF5F4DF0D08C38300B7A737 /* UIKit.framework */,
				1D30AB110D05D00D00671497 /* Foundation.framework */,
				2892E40F0DC94CBA00A64D0F /* CoreGraphics.framework */,
				0952A78E11808261008970A6 /* QuartzCore.framework */,
				0952A7AA118082B5008970A6 /* OpenGLES.framework */,
				0950D2D1119C2A85000BC2FC /* SystemConfiguration.framework */,
			);
			name = Frameworks;
			sourceTree = "<group>";
		};
/* End PBXGroup section */

/* Begin PBXNativeTarget section */
		1D6058900D05DD3D006BFB54 /* ATP Calendar */ = {
			isa = PBXNativeTarget;
			buildConfigurationList = 1D6058960D05DD3E006BFB54 /* Build configuration list for PBXNativeTarget "ATP Calendar" */;
			buildPhases = (
				1D60588D0D05DD3D006BFB54 /* Resources */,
				1D60588E0D05DD3D006BFB54 /* Sources */,
				1D60588F0D05DD3D006BFB54 /* Frameworks */,
			);
			buildRules = (
			);
			dependencies = (
			);
			name = "ATP Calendar";
			productName = "ATP Calendar";
			productReference = 1D6058910D05DD3D006BFB54 /* ATP Calendar.app */;
			productType = "com.apple.product-type.application";
		};
/* End PBXNativeTarget section */

/* Begin PBXProject section */
		29B97313FDCFA39411CA2CEA /* Project object */ = {
			isa = PBXProject;
			buildConfigurationList = C01FCF4E08A954540054247B /* Build configuration list for PBXProject "ATP Calendar" */;
			compatibilityVersion = "Xcode 3.1";
			developmentRegion = English;
			hasScannedForEncodings = 1;
			knownRegions = (
				English,
				Japanese,
				French,
				German,
				en,
			);
			mainGroup = 29B97314FDCFA39411CA2CEA /* CustomTemplate */;
			projectDirPath = "";
			projectRoot = "";
			targets = (
				1D6058900D05DD3D006BFB54 /* ATP Calendar */,
			);
		};
/* End PBXProject section */

/* Begin PBXResourcesBuildPhase section */
		1D60588D0D05DD3D006BFB54 /* Resources */ = {
			isa = PBXResourcesBuildPhase;
			buildActionMask = 2147483647;
			files = (
				28AD73600D9D9599002E5188 /* MainWindow.xib in Resources */,
				28F335F11007B36200424DE2 /* RootViewController.xib in Resources */,
				1A9BD9651178CF3400245AE6 /* MatchDetailView.xib in Resources */,
				09946FA4117F374400A0403D /* MatchImageCoverFlowView.xib in Resources */,
				09946FC6117F3BB700A0403D /* Default.png in Resources */,
				1A5A583111836F6100499565 /* atp.png in Resources */,
				1A5A583211836F6100499565 /* ATP_FINALS.png in Resources */,
				1A5A583411836F6100499565 /* ATP500.png in Resources */,
				1A5A583511836F6100499565 /* ATP1000.png in Resources */,
				1A5A583611836F6100499565 /* DavisCup.png in Resources */,
				1A5A583711836F6100499565 /* GrandSlam.png in Resources */,
				1A5A584C118371BC00499565 /* ATP250.png in Resources */,
				1ACE6DDC11842A0D00F90704 /* MatchWebView.xib in Resources */,
				1A6DAD4E1184B5AF0035A968 /* Entitlements.plist in Resources */,
			);
			runOnlyForDeploymentPostprocessing = 0;
		};
/* End PBXResourcesBuildPhase section */

/* Begin PBXSourcesBuildPhase section */
		1D60588E0D05DD3D006BFB54 /* Sources */ = {
			isa = PBXSourcesBuildPhase;
			buildActionMask = 2147483647;
			files = (
				1D60589B0D05DD56006BFB54 /* main.m in Sources */,
				1D3623260D0F684500981E51 /* ATP_CalendarAppDelegate.m in Sources */,
				28C286E10D94DF7D0034E888 /* RootViewController.m in Sources */,
				1AE35FFA11778560001243DD /* Context.m in Sources */,
				1AE36060117788F9001243DD /* NSObject-Dialog.m in Sources */,
				1AE360A411778E02001243DD /* UITableView-WithCell.m in Sources */,
				1AE360D7117791E8001243DD /* Month2Matches.m in Sources */,
				1AE360DB11779263001243DD /* Match.m in Sources */,
				099668BC1178989C00AEF5AC /* ResourceLoader.m in Sources */,
				099669A31178AC5500AEF5AC /* MatchListViewController.m in Sources */,
				1A9BD95E1178CE3100245AE6 /* MatchDetailViewController.m in Sources */,
				09946FA1117F372800A0403D /* MatchImageCoverFlowViewController.m in Sources */,
				0952A759118079FB008970A6 /* DataCache.m in Sources */,
				0952A76C11807A8A008970A6 /* FlowCoverView.m in Sources */,
				1A5A563911834FA100499565 /* GDataXMLNode.m in Sources */,
				1A5A56F511835E0700499565 /* GDataXMLNode-Extension.m in Sources */,
				1ACE6CDB118418F900F90704 /* MatchWebViewController.m in Sources */,
				1A83766911860E0100B3864D /* MatchImageFlowCoverViewDelegate.m in Sources */,
				0950D2BC119C2A71000BC2FC /* Reachability.m in Sources */,
			);
			runOnlyForDeploymentPostprocessing = 0;
		};
/* End PBXSourcesBuildPhase section */

/* Begin XCBuildConfiguration section */
		1A6DAD5B1184B6510035A968 /* Distribution */ = {
			isa = XCBuildConfiguration;
			buildSettings = {
				ARCHS = "$(ARCHS_STANDARD_32_BIT)";
				CODE_SIGN_ENTITLEMENTS = Entitlements.plist;
				"CODE_SIGN_IDENTITY[sdk=iphoneos*]" = "iPhone Distribution: James Wang";
				GCC_C_LANGUAGE_STANDARD = c99;
				GCC_WARN_ABOUT_RETURN_TYPE = YES;
				GCC_WARN_UNUSED_VARIABLE = YES;
				PREBINDING = NO;
				"PROVISIONING_PROFILE[sdk=iphoneos*]" = "3567FE32-C722-4D22-AA1A-F9574F788A17";
				SDKROOT = iphoneos4.0;
			};
			name = Distribution;
		};
		1A6DAD5C1184B6510035A968 /* Distribution */ = {
			isa = XCBuildConfiguration;
			buildSettings = {
				ALWAYS_SEARCH_USER_PATHS = NO;
				CODE_SIGN_ENTITLEMENTS = Entitlements.plist;
				"CODE_SIGN_IDENTITY[sdk=iphoneos*]" = "iPhone Distribution";
				COPY_PHASE_STRIP = NO;
				GCC_DYNAMIC_NO_PIC = NO;
				GCC_OPTIMIZATION_LEVEL = 0;
				GCC_PRECOMPILE_PREFIX_HEADER = YES;
				GCC_PREFIX_HEADER = ATP_Calendar_Prefix.pch;
				HEADER_SEARCH_PATHS = "/usr/include/libxml2/**";
				INFOPLIST_FILE = "ATP_Calendar-Info.plist";
				OTHER_CFLAGS = "-DDEBUG=1";
				OTHER_LDFLAGS = (
					"-ObjC",
					"-lxml2",
				);
				PRODUCT_NAME = "ATP Calendar";
				"PROVISIONING_PROFILE[sdk=iphoneos*]" = "";
				VALIDATE_PRODUCT = YES;
			};
			name = Distribution;
		};
		1D6058940D05DD3E006BFB54 /* Debug */ = {
			isa = XCBuildConfiguration;
			buildSettings = {
				ALWAYS_SEARCH_USER_PATHS = NO;
				COPY_PHASE_STRIP = NO;
				GCC_DYNAMIC_NO_PIC = NO;
				GCC_OPTIMIZATION_LEVEL = 0;
				GCC_PRECOMPILE_PREFIX_HEADER = YES;
				GCC_PREFIX_HEADER = ATP_Calendar_Prefix.pch;
				HEADER_SEARCH_PATHS = "/usr/include/libxml2/**";
				INFOPLIST_FILE = "ATP_Calendar-Info.plist";
				OTHER_CFLAGS = "-DDEBUG=1";
				OTHER_LDFLAGS = (
					"-ObjC",
					"-lxml2",
				);
				PRODUCT_NAME = "ATP Calendar";
			};
			name = Debug;
		};
		1D6058950D05DD3E006BFB54 /* Release */ = {
			isa = XCBuildConfiguration;
			buildSettings = {
				ALWAYS_SEARCH_USER_PATHS = NO;
				CODE_SIGN_IDENTITY = "iPhone Developer";
				"CODE_SIGN_IDENTITY[sdk=iphoneos*]" = "iPhone Developer";
				COPY_PHASE_STRIP = YES;
				GCC_PRECOMPILE_PREFIX_HEADER = YES;
				GCC_PREFIX_HEADER = ATP_Calendar_Prefix.pch;
				INFOPLIST_FILE = "ATP_Calendar-Info.plist";
				PRODUCT_NAME = "ATP Calendar";
				PROVISIONING_PROFILE = "";
				"PROVISIONING_PROFILE[sdk=iphoneos*]" = "";
				VALIDATE_PRODUCT = YES;
			};
			name = Release;
		};
		C01FCF4F08A954540054247B /* Debug */ = {
			isa = XCBuildConfiguration;
			buildSettings = {
				ARCHS = "$(ARCHS_STANDARD_32_BIT)";
				"CODE_SIGN_IDENTITY[sdk=iphoneos*]" = "iPhone Developer";
				GCC_C_LANGUAGE_STANDARD = c99;
				GCC_WARN_ABOUT_RETURN_TYPE = YES;
				GCC_WARN_UNUSED_VARIABLE = YES;
				PREBINDING = NO;
				PRODUCT_NAME = "Tennis Calendar";
				SDKROOT = iphoneos4.0;
			};
			name = Debug;
		};
		C01FCF5008A954540054247B /* Release */ = {
			isa = XCBuildConfiguration;
			buildSettings = {
				ARCHS = "$(ARCHS_STANDARD_32_BIT)";
				CODE_SIGN_IDENTITY = "Don't Code Sign";
				"CODE_SIGN_IDENTITY[sdk=iphoneos*]" = "iPhone Developer";
				GCC_C_LANGUAGE_STANDARD = c99;
				GCC_WARN_ABOUT_RETURN_TYPE = YES;
				GCC_WARN_UNUSED_VARIABLE = YES;
				OTHER_CFLAGS = "-DNS_BLOCK_ASSERTIONS=1";
				PREBINDING = NO;
				PROVISIONING_PROFILE = "";
				"PROVISIONING_PROFILE[sdk=iphoneos*]" = "";
				SDKROOT = iphoneos4.0;
			};
			name = Release;
		};
/* End XCBuildConfiguration section */

/* Begin XCConfigurationList section */
		1D6058960D05DD3E006BFB54 /* Build configuration list for PBXNativeTarget "ATP Calendar" */ = {
			isa = XCConfigurationList;
			buildConfigurations = (
				1D6058940D05DD3E006BFB54 /* Debug */,
				1A6DAD5C1184B6510035A968 /* Distribution */,
				1D6058950D05DD3E006BFB54 /* Release */,
			);
			defaultConfigurationIsVisible = 0;
			defaultConfigurationName = Release;
		};
		C01FCF4E08A954540054247B /* Build configuration list for PBXProject "ATP Calendar" */ = {
			isa = XCConfigurationList;
			buildConfigurations = (
				C01FCF4F08A954540054247B /* Debug */,
				1A6DAD5B1184B6510035A968 /* Distribution */,
				C01FCF5008A954540054247B /* Release */,
			);
			defaultConfigurationIsVisible = 0;
			defaultConfigurationName = Release;
		};
/* End XCConfigurationList section */
	};
	rootObject = 29B97313FDCFA39411CA2CEA /* Project object */;
}
